{
    "name": "@svgfwjs/locale",
    "version": "1.0.0",
    "lockfileVersion": 3,
    "requires": true,
    "packages": {
        "": {
            "name": "@svgfwjs/locale",
            "version": "1.0.0",
            "dependencies": {
                "@svgfwjs/err": "1.0.0"
            },
            "engines": {
                "node": ">=0.10.0"
            }
        },
        "node_modules/@svgfwjs/err": {
            "version": "1.0.0",
            "resolved": "https://registry.npmjs.org/@svgfwjs/err/-/err-1.0.0.tgz",
            "integrity": "sha512-zVvkQwF693OUFmf1IXOJLslrRCp5er5V6aG6x2vGfE+Zg399VfMtlutNgISsJucZH7nWzqljYCrWgKnop0F5tQ==",
            "engines": {
                "node": ">=0.10.0"
            }
        }
    }
}
