{
    "name": "svgfwjs",
    "version": "0.0.1",
    "lockfileVersion": 3,
    "requires": true,
    "packages": {
        "": {
            "name": "svgfwjs",
            "version": "0.0.1",
            "workspaces": [
                "packages/*"
            ]
        },
        "node_modules/@svgfwjs/err": {
            "resolved": "packages/err",
            "link": true
        },
        "node_modules/@svgfwjs/xml": {
            "resolved": "packages/xml",
            "link": true
        },
        "packages/err": {
            "name": "@svgfwjs/err",
            "version": "1.0.0",
            "engines": {
                "node": ">=0.10.0"
            }
        },
        "packages/xml": {
            "name": "@svgfwjs/xml",
            "dependencies": {
                "@svgfwjs/err": "1.0.0"
            },
            "engines": {
                "node": ">=0.10.0"
            }
        }
    }
}
