{
    "name": "svgfwjs",
    "version": "0.0.1",
    "lockfileVersion": 3,
    "requires": true,
    "packages": {
        "": {
            "name": "svgfwjs",
            "version": "0.0.1"
        },
        "packages/err": {
            "name": "@svgfwjs/err",
            "version": "1.0.0",
            "extraneous": true,
            "engines": {
                "node": ">=0.10.0"
            }
        },
        "packages/xml": {
            "name": "@svgfwjs/xml",
            "extraneous": true,
            "dependencies": {
                "@svgfwjs/err": "1.0.0"
            },
            "engines": {
                "node": ">=0.10.0"
            }
        }
    }
}
